
Microsoft Visual Studio Solution File, Format Version 12.00
# Visual Studio 15
VisualStudioVersion = 15.0.28306.52
MinimumVisualStudioVersion = 10.0.40219.1
Project("{9A19103F-16F7-4668-BE54-9A1E7A4F7556}") = "Acmilan", "Acmilan\Acmilan.csproj", "{943C4AFC-13BC-4023-8B55-54EE2724BA4A}"
EndProject
Project("{9A19103F-16F7-4668-BE54-9A1E7A4F7556}") = "Acmilan.Models", "Acmilan.Models\Acmilan.Models.csproj", "{562CC184-1F0B-4BCD-8273-9C7F8898C18C}"
EndProject
Global
	GlobalSection(SolutionConfigurationPlatforms) = preSolution
		Debug|Any CPU = Debug|Any CPU
		Release|Any CPU = Release|Any CPU
	EndGlobalSection
	GlobalSection(ProjectConfigurationPlatforms) = postSolution
		{943C4AFC-13BC-4023-8B55-54EE2724BA4A}.Debug|Any CPU.ActiveCfg = Debug|Any CPU
		{943C4AFC-13BC-4023-8B55-54EE2724BA4A}.Debug|Any CPU.Build.0 = Debug|Any CPU
		{943C4AFC-13BC-4023-8B55-54EE2724BA4A}.Release|Any CPU.ActiveCfg = Release|Any CPU
		{943C4AFC-13BC-4023-8B55-54EE2724BA4A}.Release|Any CPU.Build.0 = Release|Any CPU
		{562CC184-1F0B-4BCD-8273-9C7F8898C18C}.Debug|Any CPU.ActiveCfg = Debug|Any CPU
		{562CC184-1F0B-4BCD-8273-9C7F8898C18C}.Debug|Any CPU.Build.0 = Debug|Any CPU
		{562CC184-1F0B-4BCD-8273-9C7F8898C18C}.Release|Any CPU.ActiveCfg = Release|Any CPU
		{562CC184-1F0B-4BCD-8273-9C7F8898C18C}.Release|Any CPU.Build.0 = Release|Any CPU
	EndGlobalSection
	GlobalSection(SolutionProperties) = preSolution
		HideSolutionNode = FALSE
	EndGlobalSection
	GlobalSection(ExtensibilityGlobals) = postSolution
		SolutionGuid = {B10AC5EB-F5EB-4564-813B-9836D72FD25B}
	EndGlobalSection
EndGlobal
